
Microsoft Visual Studio Solution File, Format Version 12.00
# Visual Studio 2012
Project("{FAE04EC0-301F-11D3-BF4B-00C04F79EFBC}") = "WebApiDemo", "WebApiDemo\WebApiDemo.csproj", "{7AE0BD29-A0A1-4A1B-81AB-5746CEBA12C9}"
EndProject
Project("{FAE04EC0-301F-11D3-BF4B-00C04F79EFBC}") = "EmployeeDataAccess", "EmployeeDataAccess\EmployeeDataAccess.csproj", "{D73C48F6-AC00-4C79-ABBF-8D8917E3B20E}"
EndProject
Global
	GlobalSection(SolutionConfigurationPlatforms) = preSolution
		Debug|Any CPU = Debug|Any CPU
		Release|Any CPU = Release|Any CPU
	EndGlobalSection
	GlobalSection(ProjectConfigurationPlatforms) = postSolution
		{7AE0BD29-A0A1-4A1B-81AB-5746CEBA12C9}.Debug|Any CPU.ActiveCfg = Debug|Any CPU
		{7AE0BD29-A0A1-4A1B-81AB-5746CEBA12C9}.Debug|Any CPU.Build.0 = Debug|Any CPU
		{7AE0BD29-A0A1-4A1B-81AB-5746CEBA12C9}.Release|Any CPU.ActiveCfg = Release|Any CPU
		{7AE0BD29-A0A1-4A1B-81AB-5746CEBA12C9}.Release|Any CPU.Build.0 = Release|Any CPU
		{D73C48F6-AC00-4C79-ABBF-8D8917E3B20E}.Debug|Any CPU.ActiveCfg = Debug|Any CPU
		{D73C48F6-AC00-4C79-ABBF-8D8917E3B20E}.Debug|Any CPU.Build.0 = Debug|Any CPU
		{D73C48F6-AC00-4C79-ABBF-8D8917E3B20E}.Release|Any CPU.ActiveCfg = Release|Any CPU
		{D73C48F6-AC00-4C79-ABBF-8D8917E3B20E}.Release|Any CPU.Build.0 = Release|Any CPU
	EndGlobalSection
	GlobalSection(SolutionProperties) = preSolution
		HideSolutionNode = FALSE
	EndGlobalSection
EndGlobal
