
Microsoft Visual Studio Solution File, Format Version 12.00
# Visual Studio 2012
Project("{FAE04EC0-301F-11D3-BF4B-00C04F79EFBC}") = "Cryptography", "Cryptography\Cryptography.csproj", "{EDDD4F3C-A0F6-488B-95CB-FB258EC10118}"
EndProject
Global
	GlobalSection(SolutionConfigurationPlatforms) = preSolution
		Debug|Any CPU = Debug|Any CPU
		Release|Any CPU = Release|Any CPU
	EndGlobalSection
	GlobalSection(ProjectConfigurationPlatforms) = postSolution
		{EDDD4F3C-A0F6-488B-95CB-FB258EC10118}.Debug|Any CPU.ActiveCfg = Debug|Any CPU
		{EDDD4F3C-A0F6-488B-95CB-FB258EC10118}.Debug|Any CPU.Build.0 = Debug|Any CPU
		{EDDD4F3C-A0F6-488B-95CB-FB258EC10118}.Release|Any CPU.ActiveCfg = Release|Any CPU
		{EDDD4F3C-A0F6-488B-95CB-FB258EC10118}.Release|Any CPU.Build.0 = Release|Any CPU
	EndGlobalSection
	GlobalSection(SolutionProperties) = preSolution
		HideSolutionNode = FALSE
	EndGlobalSection
EndGlobal
