
Microsoft Visual Studio Solution File, Format Version 12.00
# Visual Studio 2012
Project("{FAE04EC0-301F-11D3-BF4B-00C04F79EFBC}") = "Student Fees Calculation", "Student Fees Calculation\Student Fees Calculation.csproj", "{8785E6E6-B266-4CC4-9FDD-D7A492A8B143}"
EndProject
Global
	GlobalSection(SolutionConfigurationPlatforms) = preSolution
		Debug|Any CPU = Debug|Any CPU
		Release|Any CPU = Release|Any CPU
	EndGlobalSection
	GlobalSection(ProjectConfigurationPlatforms) = postSolution
		{8785E6E6-B266-4CC4-9FDD-D7A492A8B143}.Debug|Any CPU.ActiveCfg = Debug|Any CPU
		{8785E6E6-B266-4CC4-9FDD-D7A492A8B143}.Debug|Any CPU.Build.0 = Debug|Any CPU
		{8785E6E6-B266-4CC4-9FDD-D7A492A8B143}.Release|Any CPU.ActiveCfg = Release|Any CPU
		{8785E6E6-B266-4CC4-9FDD-D7A492A8B143}.Release|Any CPU.Build.0 = Release|Any CPU
	EndGlobalSection
	GlobalSection(SolutionProperties) = preSolution
		HideSolutionNode = FALSE
	EndGlobalSection
EndGlobal
