
Microsoft Visual Studio Solution File, Format Version 12.00
# Visual Studio 2012
Project("{FAE04EC0-301F-11D3-BF4B-00C04F79EFBC}") = "HelloRemotingService", "HelloRemotingService\HelloRemotingService.csproj", "{B7B68F41-741F-4869-807F-E31193E34EEB}"
EndProject
Global
	GlobalSection(SolutionConfigurationPlatforms) = preSolution
		Debug|Any CPU = Debug|Any CPU
		Release|Any CPU = Release|Any CPU
	EndGlobalSection
	GlobalSection(ProjectConfigurationPlatforms) = postSolution
		{B7B68F41-741F-4869-807F-E31193E34EEB}.Debug|Any CPU.ActiveCfg = Debug|Any CPU
		{B7B68F41-741F-4869-807F-E31193E34EEB}.Debug|Any CPU.Build.0 = Debug|Any CPU
		{B7B68F41-741F-4869-807F-E31193E34EEB}.Release|Any CPU.ActiveCfg = Release|Any CPU
		{B7B68F41-741F-4869-807F-E31193E34EEB}.Release|Any CPU.Build.0 = Release|Any CPU
	EndGlobalSection
	GlobalSection(SolutionProperties) = preSolution
		HideSolutionNode = FALSE
	EndGlobalSection
EndGlobal
